
Microsoft Visual Studio Solution File, Format Version 12.00
# Visual Studio Version 17
VisualStudioVersion = 17.4.33110.190
MinimumVisualStudioVersion = 10.0.40219.1
Project("{FAE04EC0-301F-11D3-BF4B-00C04F79EFBC}") = "23-11-2022", "23-11-2022\23-11-2022.csproj", "{165A577F-FF8D-448A-825E-84F72A79409C}"
EndProject
Global
	GlobalSection(SolutionConfigurationPlatforms) = preSolution
		Debug|Any CPU = Debug|Any CPU
		Release|Any CPU = Release|Any CPU
	EndGlobalSection
	GlobalSection(ProjectConfigurationPlatforms) = postSolution
		{165A577F-FF8D-448A-825E-84F72A79409C}.Debug|Any CPU.ActiveCfg = Debug|Any CPU
		{165A577F-FF8D-448A-825E-84F72A79409C}.Debug|Any CPU.Build.0 = Debug|Any CPU
		{165A577F-FF8D-448A-825E-84F72A79409C}.Release|Any CPU.ActiveCfg = Release|Any CPU
		{165A577F-FF8D-448A-825E-84F72A79409C}.Release|Any CPU.Build.0 = Release|Any CPU
	EndGlobalSection
	GlobalSection(SolutionProperties) = preSolution
		HideSolutionNode = FALSE
	EndGlobalSection
	GlobalSection(ExtensibilityGlobals) = postSolution
		SolutionGuid = {EBA01A41-5F43-45C9-8C0D-4B67DD450D79}
	EndGlobalSection
EndGlobal
